
Microsoft Visual Studio Solution File, Format Version 12.00
# Visual Studio Version 17
VisualStudioVersion = 17.9.34723.18
MinimumVisualStudioVersion = 10.0.40219.1
Project("{9A19103F-16F7-4668-BE54-9A1E7A4F7556}") = "Web", "Web\Web.csproj", "{411AF6A2-8CCC-4737-A712-53E61AD2AC4A}"
EndProject
Project("{9A19103F-16F7-4668-BE54-9A1E7A4F7556}") = "Domain", "Domain\Domain.csproj", "{928EBFE2-C7E8-4B06-A41A-7E309DBA1145}"
EndProject
Project("{FAE04EC0-301F-11D3-BF4B-00C04F79EFBC}") = "Application", "Application\Application.csproj", "{423508A1-67ED-4CFD-85FD-C4758BFC4DB8}"
EndProject
Project("{FAE04EC0-301F-11D3-BF4B-00C04F79EFBC}") = "Interface", "Interface\Interface.csproj", "{E1D5B02E-FEC2-4248-9DD4-B8C34A422C5F}"
EndProject
Global
	GlobalSection(SolutionConfigurationPlatforms) = preSolution
		Debug|Any CPU = Debug|Any CPU
		Release|Any CPU = Release|Any CPU
	EndGlobalSection
	GlobalSection(ProjectConfigurationPlatforms) = postSolution
		{411AF6A2-8CCC-4737-A712-53E61AD2AC4A}.Debug|Any CPU.ActiveCfg = Debug|Any CPU
		{411AF6A2-8CCC-4737-A712-53E61AD2AC4A}.Debug|Any CPU.Build.0 = Debug|Any CPU
		{411AF6A2-8CCC-4737-A712-53E61AD2AC4A}.Release|Any CPU.ActiveCfg = Release|Any CPU
		{411AF6A2-8CCC-4737-A712-53E61AD2AC4A}.Release|Any CPU.Build.0 = Release|Any CPU
		{928EBFE2-C7E8-4B06-A41A-7E309DBA1145}.Debug|Any CPU.ActiveCfg = Debug|Any CPU
		{928EBFE2-C7E8-4B06-A41A-7E309DBA1145}.Debug|Any CPU.Build.0 = Debug|Any CPU
		{928EBFE2-C7E8-4B06-A41A-7E309DBA1145}.Release|Any CPU.ActiveCfg = Release|Any CPU
		{928EBFE2-C7E8-4B06-A41A-7E309DBA1145}.Release|Any CPU.Build.0 = Release|Any CPU
		{423508A1-67ED-4CFD-85FD-C4758BFC4DB8}.Debug|Any CPU.ActiveCfg = Debug|Any CPU
		{423508A1-67ED-4CFD-85FD-C4758BFC4DB8}.Debug|Any CPU.Build.0 = Debug|Any CPU
		{423508A1-67ED-4CFD-85FD-C4758BFC4DB8}.Release|Any CPU.ActiveCfg = Release|Any CPU
		{423508A1-67ED-4CFD-85FD-C4758BFC4DB8}.Release|Any CPU.Build.0 = Release|Any CPU
		{E1D5B02E-FEC2-4248-9DD4-B8C34A422C5F}.Debug|Any CPU.ActiveCfg = Debug|Any CPU
		{E1D5B02E-FEC2-4248-9DD4-B8C34A422C5F}.Debug|Any CPU.Build.0 = Debug|Any CPU
		{E1D5B02E-FEC2-4248-9DD4-B8C34A422C5F}.Release|Any CPU.ActiveCfg = Release|Any CPU
		{E1D5B02E-FEC2-4248-9DD4-B8C34A422C5F}.Release|Any CPU.Build.0 = Release|Any CPU
	EndGlobalSection
	GlobalSection(SolutionProperties) = preSolution
		HideSolutionNode = FALSE
	EndGlobalSection
	GlobalSection(ExtensibilityGlobals) = postSolution
		SolutionGuid = {DC863E27-D780-44E4-8278-8A32E98988C3}
	EndGlobalSection
EndGlobal
